// !$*UTF8*$!
{
	archiveVersion = 1;
	classes = {
	};
	objectVersion = 46;
	objects = {

/* Begin PBXBuildFile section */
		D082F4D31F01EE2B00A9FC02 /* main.m in Sources */ = {isa = PBXBuildFile; fileRef = D082F4D21F01EE2B00A9FC02 /* main.m */; };
		D082F4D61F01EE2B00A9FC02 /* AppDelegate.m in Sources */ = {isa = PBXBuildFile; fileRef = D082F4D51F01EE2B00A9FC02 /* AppDelegate.m */; };
		D082F4D91F01EE2B00A9FC02 /* ViewController.m in Sources */ = {isa = PBXBuildFile; fileRef = D082F4D81F01EE2B00A9FC02 /* ViewController.m */; };
		D082F4DC1F01EE2B00A9FC02 /* Main.storyboard in Resources */ = {isa = PBXBuildFile; fileRef = D082F4DA1F01EE2B00A9FC02 /* Main.storyboard */; };
		D082F4DE1F01EE2B00A9FC02 /* Assets.xcassets in Resources */ = {isa = PBXBuildFile; fileRef = D082F4DD1F01EE2B00A9FC02 /* Assets.xcassets */; };
		D082F4E11F01EE2B00A9FC02 /* LaunchScreen.storyboard in Resources */ = {isa = PBXBuildFile; fileRef = D082F4DF1F01EE2B00A9FC02 /* LaunchScreen.storyboard */; };
		D082F4EA1F01EF1300A9FC02 /* TWOViewController.m in Sources */ = {isa = PBXBuildFile; fileRef = D082F4E91F01EF1300A9FC02 /* TWOViewController.m */; };
		D082F4ED1F01F57700A9FC02 /* DDProgressView.m in Sources */ = {isa = PBXBuildFile; fileRef = D082F4EC1F01F57700A9FC02 /* DDProgressView.m */; };
/* End PBXBuildFile section */

/* Begin PBXFileReference section */
		D082F4CE1F01EE2B00A9FC02 /* WebViewDemo.app */ = {isa = PBXFileReference; explicitFileType = wrapper.application; includeInIndex = 0; path = WebViewDemo.app; sourceTree = BUILT_PRODUCTS_DIR; };
		D082F4D21F01EE2B00A9FC02 /* main.m */ = {isa = PBXFileReference; lastKnownFileType = sourcecode.c.objc; path = main.m; sourceTree = "<group>"; };
		D082F4D41F01EE2B00A9FC02 /* AppDelegate.h */ = {isa = PBXFileReference; lastKnownFileType = sourcecode.c.h; path = AppDelegate.h; sourceTree = "<group>"; };
		D082F4D51F01EE2B00A9FC02 /* AppDelegate.m */ = {isa = PBXFileReference; lastKnownFileType = sourcecode.c.objc; path = AppDelegate.m; sourceTree = "<group>"; };
		D082F4D71F01EE2B00A9FC02 /* ViewController.h */ = {isa = PBXFileReference; lastKnownFileType = sourcecode.c.h; path = ViewController.h; sourceTree = "<group>"; };
		D082F4D81F01EE2B00A9FC02 /* ViewController.m */ = {isa = PBXFileReference; lastKnownFileType = sourcecode.c.objc; path = ViewController.m; sourceTree = "<group>"; };
		D082F4DB1F01EE2B00A9FC02 /* Base */ = {isa = PBXFileReference; lastKnownFileType = file.storyboard; name = Base; path = Base.lproj/Main.storyboard; sourceTree = "<group>"; };
		D082F4DD1F01EE2B00A9FC02 /* Assets.xcassets */ = {isa = PBXFileReference; lastKnownFileType = folder.assetcatalog; path = Assets.xcassets; sourceTree = "<group>"; };
		D082F4E01F01EE2B00A9FC02 /* Base */ = {isa = PBXFileReference; lastKnownFileType = file.storyboard; name = Base; path = Base.lproj/LaunchScreen.storyboard; sourceTree = "<group>"; };
		D082F4E21F01EE2B00A9FC02 /* Info.plist */ = {isa = PBXFileReference; lastKnownFileType = text.plist.xml; path = Info.plist; sourceTree = "<group>"; };
		D082F4E81F01EF1300A9FC02 /* TWOViewController.h */ = {isa = PBXFileReference; fileEncoding = 4; lastKnownFileType = sourcecode.c.h; path = TWOViewController.h; sourceTree = "<group>"; };
		D082F4E91F01EF1300A9FC02 /* TWOViewController.m */ = {isa = PBXFileReference; fileEncoding = 4; lastKnownFileType = sourcecode.c.objc; path = TWOViewController.m; sourceTree = "<group>"; };
		D082F4EB1F01F57700A9FC02 /* DDProgressView.h */ = {isa = PBXFileReference; fileEncoding = 4; lastKnownFileType = sourcecode.c.h; path = DDProgressView.h; sourceTree = "<group>"; };
		D082F4EC1F01F57700A9FC02 /* DDProgressView.m */ = {isa = PBXFileReference; fileEncoding = 4; lastKnownFileType = sourcecode.c.objc; path = DDProgressView.m; sourceTree = "<group>"; };
/* End PBXFileReference section */

/* Begin PBXFrameworksBuildPhase section */
		D082F4CB1F01EE2B00A9FC02 /* Frameworks */ = {
			isa = PBXFrameworksBuildPhase;
			buildActionMask = 2147483647;
			files = (
			);
			runOnlyForDeploymentPostprocessing = 0;
		};
/* End PBXFrameworksBuildPhase section */

/* Begin PBXGroup section */
		D082F4C51F01EE2B00A9FC02 = {
			isa = PBXGroup;
			children = (
				D082F4EB1F01F57700A9FC02 /* DDProgressView.h */,
				D082F4EC1F01F57700A9FC02 /* DDProgressView.m */,
				D082F4D01F01EE2B00A9FC02 /* WebViewDemo */,
				D082F4CF1F01EE2B00A9FC02 /* Products */,
			);
			sourceTree = "<group>";
		};
		D082F4CF1F01EE2B00A9FC02 /* Products */ = {
			isa = PBXGroup;
			children = (
				D082F4CE1F01EE2B00A9FC02 /* WebViewDemo.app */,
			);
			name = Products;
			sourceTree = "<group>";
		};
		D082F4D01F01EE2B00A9FC02 /* WebViewDemo */ = {
			isa = PBXGroup;
			children = (
				D082F4D41F01EE2B00A9FC02 /* AppDelegate.h */,
				D082F4D51F01EE2B00A9FC02 /* AppDelegate.m */,
				D082F4D71F01EE2B00A9FC02 /* ViewController.h */,
				D082F4D81F01EE2B00A9FC02 /* ViewController.m */,
				D082F4E81F01EF1300A9FC02 /* TWOViewController.h */,
				D082F4E91F01EF1300A9FC02 /* TWOViewController.m */,
				D082F4DA1F01EE2B00A9FC02 /* Main.storyboard */,
				D082F4DD1F01EE2B00A9FC02 /* Assets.xcassets */,
				D082F4DF1F01EE2B00A9FC02 /* LaunchScreen.storyboard */,
				D082F4E21F01EE2B00A9FC02 /* Info.plist */,
				D082F4D11F01EE2B00A9FC02 /* Supporting Files */,
			);
			path = WebViewDemo;
			sourceTree = "<group>";
		};
		D082F4D11F01EE2B00A9FC02 /* Supporting Files */ = {
			isa = PBXGroup;
			children = (
				D082F4D21F01EE2B00A9FC02 /* main.m */,
			);
			name = "Supporting Files";
			sourceTree = "<group>";
		};
/* End PBXGroup section */

/* Begin PBXNativeTarget section */
		D082F4CD1F01EE2B00A9FC02 /* WebViewDemo */ = {
			isa = PBXNativeTarget;
			buildConfigurationList = D082F4E51F01EE2B00A9FC02 /* Build configuration list for PBXNativeTarget "WebViewDemo" */;
			buildPhases = (
				D082F4CA1F01EE2B00A9FC02 /* Sources */,
				D082F4CB1F01EE2B00A9FC02 /* Frameworks */,
				D082F4CC1F01EE2B00A9FC02 /* Resources */,
			);
			buildRules = (
			);
			dependencies = (
			);
			name = WebViewDemo;
			productName = WebViewDemo;
			productReference = D082F4CE1F01EE2B00A9FC02 /* WebViewDemo.app */;
			productType = "com.apple.product-type.application";
		};
/* End PBXNativeTarget section */

/* Begin PBXProject section */
		D082F4C61F01EE2B00A9FC02 /* Project object */ = {
			isa = PBXProject;
			attributes = {
				LastUpgradeCheck = 0830;
				ORGANIZATIONNAME = chenbowen;
				TargetAttributes = {
					D082F4CD1F01EE2B00A9FC02 = {
						CreatedOnToolsVersion = 8.3;
						DevelopmentTeam = 39CU25G7Z2;
						ProvisioningStyle = Automatic;
					};
				};
			};
			buildConfigurationList = D082F4C91F01EE2B00A9FC02 /* Build configuration list for PBXProject "WebViewDemo" */;
			compatibilityVersion = "Xcode 3.2";
			developmentRegion = English;
			hasScannedForEncodings = 0;
			knownRegions = (
				en,
				Base,
			);
			mainGroup = D082F4C51F01EE2B00A9FC02;
			productRefGroup = D082F4CF1F01EE2B00A9FC02 /* Products */;
			projectDirPath = "";
			projectRoot = "";
			targets = (
				D082F4CD1F01EE2B00A9FC02 /* WebViewDemo */,
			);
		};
/* End PBXProject section */

/* Begin PBXResourcesBuildPhase section */
		D082F4CC1F01EE2B00A9FC02 /* Resources */ = {
			isa = PBXResourcesBuildPhase;
			buildActionMask = 2147483647;
			files = (
				D082F4E11F01EE2B00A9FC02 /* LaunchScreen.storyboard in Resources */,
				D082F4DE1F01EE2B00A9FC02 /* Assets.xcassets in Resources */,
				D082F4DC1F01EE2B00A9FC02 /* Main.storyboard in Resources */,
			);
			runOnlyForDeploymentPostprocessing = 0;
		};
/* End PBXResourcesBuildPhase section */

/* Begin PBXSourcesBuildPhase section */
		D082F4CA1F01EE2B00A9FC02 /* Sources */ = {
			isa = PBXSourcesBuildPhase;
			buildActionMask = 2147483647;
			files = (
				D082F4D91F01EE2B00A9FC02 /* ViewController.m in Sources */,
				D082F4D61F01EE2B00A9FC02 /* AppDelegate.m in Sources */,
				D082F4D31F01EE2B00A9FC02 /* main.m in Sources */,
				D082F4EA1F01EF1300A9FC02 /* TWOViewController.m in Sources */,
				D082F4ED1F01F57700A9FC02 /* DDProgressView.m in Sources */,
			);
			runOnlyForDeploymentPostprocessing = 0;
		};
/* End PBXSourcesBuildPhase section */

/* Begin PBXVariantGroup section */
		D082F4DA1F01EE2B00A9FC02 /* Main.storyboard */ = {
			isa = PBXVariantGroup;
			children = (
				D082F4DB1F01EE2B00A9FC02 /* Base */,
			);
			name = Main.storyboard;
			sourceTree = "<group>";
		};
		D082F4DF1F01EE2B00A9FC02 /* LaunchScreen.storyboard */ = {
			isa = PBXVariantGroup;
			children = (
				D082F4E01F01EE2B00A9FC02 /* Base */,
			);
			name = LaunchScreen.storyboard;
			sourceTree = "<group>";
		};
/* End PBXVariantGroup section */

/* Begin XCBuildConfiguration section */
		D082F4E31F01EE2B00A9FC02 /* Debug */ = {
			isa = XCBuildConfiguration;
			buildSettings = {
				ALWAYS_SEARCH_USER_PATHS = NO;
				CLANG_ANALYZER_NONNULL = YES;
				CLANG_ANALYZER_NUMBER_OBJECT_CONVERSION = YES_AGGRESSIVE;
				CLANG_CXX_LANGUAGE_STANDARD = "gnu++0x";
				CLANG_CXX_LIBRARY = "libc++";
				CLANG_ENABLE_MODULES = YES;
				CLANG_ENABLE_OBJC_ARC = YES;
				CLANG_WARN_BOOL_CONVERSION = YES;
				CLANG_WARN_CONSTANT_CONVERSION = YES;
				CLANG_WARN_DIRECT_OBJC_ISA_USAGE = YES_ERROR;
				CLANG_WARN_DOCUMENTATION_COMMENTS = YES;
				CLANG_WARN_EMPTY_BODY = YES;
				CLANG_WARN_ENUM_CONVERSION = YES;
				CLANG_WARN_INFINITE_RECURSION = YES;
				CLANG_WARN_INT_CONVERSION = YES;
				CLANG_WARN_OBJC_ROOT_CLASS = YES_ERROR;
				CLANG_WARN_SUSPICIOUS_MOVE = YES;
				CLANG_WARN_UNREACHABLE_CODE = YES;
				CLANG_WARN__DUPLICATE_METHOD_MATCH = YES;
				"CODE_SIGN_IDENTITY[sdk=iphoneos*]" = "iPhone Developer";
				COPY_PHASE_STRIP = NO;
				DEBUG_INFORMATION_FORMAT = dwarf;
				ENABLE_STRICT_OBJC_MSGSEND = YES;
				ENABLE_TESTABILITY = YES;
				GCC_C_LANGUAGE_STANDARD = gnu99;
				GCC_DYNAMIC_NO_PIC = NO;
				GCC_NO_COMMON_BLOCKS = YES;
				GCC_OPTIMIZATION_LEVEL = 0;
				GCC_PREPROCESSOR_DEFINITIONS = (
					"DEBUG=1",
					"$(inherited)",
				);
				GCC_WARN_64_TO_32_BIT_CONVERSION = YES;
				GCC_WARN_ABOUT_RETURN_TYPE = YES_ERROR;
				GCC_WARN_UNDECLARED_SELECTOR = YES;
				GCC_WARN_UNINITIALIZED_AUTOS = YES_AGGRESSIVE;
				GCC_WARN_UNUSED_FUNCTION = YES;
				GCC_WARN_UNUSED_VARIABLE = YES;
				IPHONEOS_DEPLOYMENT_TARGET = 10.3;
				MTL_ENABLE_DEBUG_INFO = YES;
				ONLY_ACTIVE_ARCH = YES;
				SDKROOT = iphoneos;
				TARGETED_DEVICE_FAMILY = "1,2";
			};
			name = Debug;
		};
		D082F4E41F01EE2B00A9FC02 /* Release */ = {
			isa = XCBuildConfiguration;
			buildSettings = {
				ALWAYS_SEARCH_USER_PATHS = NO;
				CLANG_ANALYZER_NONNULL = YES;
				CLANG_ANALYZER_NUMBER_OBJECT_CONVERSION = YES_AGGRESSIVE;
				CLANG_CXX_LANGUAGE_STANDARD = "gnu++0x";
				CLANG_CXX_LIBRARY = "libc++";
				CLANG_ENABLE_MODULES = YES;
				CLANG_ENABLE_OBJC_ARC = YES;
				CLANG_WARN_BOOL_CONVERSION = YES;
				CLANG_WARN_CONSTANT_CONVERSION = YES;
				CLANG_WARN_DIRECT_OBJC_ISA_USAGE = YES_ERROR;
				CLANG_WARN_DOCUMENTATION_COMMENTS = YES;
				CLANG_WARN_EMPTY_BODY = YES;
				CLANG_WARN_ENUM_CONVERSION = YES;
				CLANG_WARN_INFINITE_RECURSION = YES;
				CLANG_WARN_INT_CONVERSION = YES;
				CLANG_WARN_OBJC_ROOT_CLASS = YES_ERROR;
				CLANG_WARN_SUSPICIOUS_MOVE = YES;
				CLANG_WARN_UNREACHABLE_CODE = YES;
				CLANG_WARN__DUPLICATE_METHOD_MATCH = YES;
				"CODE_SIGN_IDENTITY[sdk=iphoneos*]" = "iPhone Developer";
				COPY_PHASE_STRIP = NO;
				DEBUG_INFORMATION_FORMAT = "dwarf-with-dsym";
				ENABLE_NS_ASSERTIONS = NO;
				ENABLE_STRICT_OBJC_MSGSEND = YES;
				GCC_C_LANGUAGE_STANDARD = gnu99;
				GCC_NO_COMMON_BLOCKS = YES;
				GCC_WARN_64_TO_32_BIT_CONVERSION = YES;
				GCC_WARN_ABOUT_RETURN_TYPE = YES_ERROR;
				GCC_WARN_UNDECLARED_SELECTOR = YES;
				GCC_WARN_UNINITIALIZED_AUTOS = YES_AGGRESSIVE;
				GCC_WARN_UNUSED_FUNCTION = YES;
				GCC_WARN_UNUSED_VARIABLE = YES;
				IPHONEOS_DEPLOYMENT_TARGET = 10.3;
				MTL_ENABLE_DEBUG_INFO = NO;
				SDKROOT = iphoneos;
				TARGETED_DEVICE_FAMILY = "1,2";
				VALIDATE_PRODUCT = YES;
			};
			name = Release;
		};
		D082F4E61F01EE2B00A9FC02 /* Debug */ = {
			isa = XCBuildConfiguration;
			buildSettings = {
				ASSETCATALOG_COMPILER_APPICON_NAME = AppIcon;
				DEVELOPMENT_TEAM = 39CU25G7Z2;
				INFOPLIST_FILE = WebViewDemo/Info.plist;
				LD_RUNPATH_SEARCH_PATHS = "$(inherited) @executable_path/Frameworks";
				PRODUCT_BUNDLE_IDENTIFIER = com.cbw.WebViewDemo;
				PRODUCT_NAME = "$(TARGET_NAME)";
			};
			name = Debug;
		};
		D082F4E71F01EE2B00A9FC02 /* Release */ = {
			isa = XCBuildConfiguration;
			buildSettings = {
				ASSETCATALOG_COMPILER_APPICON_NAME = AppIcon;
				DEVELOPMENT_TEAM = 39CU25G7Z2;
				INFOPLIST_FILE = WebViewDemo/Info.plist;
				LD_RUNPATH_SEARCH_PATHS = "$(inherited) @executable_path/Frameworks";
				PRODUCT_BUNDLE_IDENTIFIER = com.cbw.WebViewDemo;
				PRODUCT_NAME = "$(TARGET_NAME)";
			};
			name = Release;
		};
/* End XCBuildConfiguration section */

/* Begin XCConfigurationList section */
		D082F4C91F01EE2B00A9FC02 /* Build configuration list for PBXProject "WebViewDemo" */ = {
			isa = XCConfigurationList;
			buildConfigurations = (
				D082F4E31F01EE2B00A9FC02 /* Debug */,
				D082F4E41F01EE2B00A9FC02 /* Release */,
			);
			defaultConfigurationIsVisible = 0;
			defaultConfigurationName = Release;
		};
		D082F4E51F01EE2B00A9FC02 /* Build configuration list for PBXNativeTarget "WebViewDemo" */ = {
			isa = XCConfigurationList;
			buildConfigurations = (
				D082F4E61F01EE2B00A9FC02 /* Debug */,
				D082F4E71F01EE2B00A9FC02 /* Release */,
			);
			defaultConfigurationIsVisible = 0;
			defaultConfigurationName = Release;
		};
/* End XCConfigurationList section */
	};
	rootObject = D082F4C61F01EE2B00A9FC02 /* Project object */;
}
